
Microsoft Visual Studio Solution File, Format Version 12.00
# Visual Studio 15
VisualStudioVersion = 15.0.28307.852
MinimumVisualStudioVersion = 10.0.40219.1
Project("{FAE04EC0-301F-11D3-BF4B-00C04F79EFBC}") = "Import2SE", "Import2SE\Import2SE.csproj", "{00F12D92-84AA-4516-BB2D-EC149E3CC6F2}"
EndProject
Project("{54435603-DBB4-11D2-8724-00A0C9A8B90C}") = "SetupImport2SE", "SetupImport2SE\SetupImport2SE.vdproj", "{AB939E88-910C-4A71-9695-3DE2DC5A6683}"
EndProject
Global
	GlobalSection(SolutionConfigurationPlatforms) = preSolution
		Debug|Any CPU = Debug|Any CPU
		Release|Any CPU = Release|Any CPU
	EndGlobalSection
	GlobalSection(ProjectConfigurationPlatforms) = postSolution
		{00F12D92-84AA-4516-BB2D-EC149E3CC6F2}.Debug|Any CPU.ActiveCfg = Debug|Any CPU
		{00F12D92-84AA-4516-BB2D-EC149E3CC6F2}.Debug|Any CPU.Build.0 = Debug|Any CPU
		{00F12D92-84AA-4516-BB2D-EC149E3CC6F2}.Release|Any CPU.ActiveCfg = Release|Any CPU
		{00F12D92-84AA-4516-BB2D-EC149E3CC6F2}.Release|Any CPU.Build.0 = Release|Any CPU
		{AB939E88-910C-4A71-9695-3DE2DC5A6683}.Debug|Any CPU.ActiveCfg = Debug
		{AB939E88-910C-4A71-9695-3DE2DC5A6683}.Release|Any CPU.ActiveCfg = Release
	EndGlobalSection
	GlobalSection(SolutionProperties) = preSolution
		HideSolutionNode = FALSE
	EndGlobalSection
	GlobalSection(ExtensibilityGlobals) = postSolution
		SolutionGuid = {8223FF8F-1B12-4082-B2AC-CF5C1CFD27AF}
	EndGlobalSection
EndGlobal
